// !$*UTF8*$!
{
	archiveVersion = 1;
	classes = {
	};
	objectVersion = 46;
	objects = {

/* Begin PBXBuildFile section */
		9917C2671DEB313300C8D1D7 /* FormulaireViewController.m in Sources */ = {isa = PBXBuildFile; fileRef = 9917C2661DEB313300C8D1D7 /* FormulaireViewController.m */; };
		9953A03C1DECF4340061B27A /* plus.png in Resources */ = {isa = PBXBuildFile; fileRef = 9953A03B1DECF4340061B27A /* plus.png */; };
		9964501E1DFDC72200B67D13 /* BWJSONMatcher.m in Sources */ = {isa = PBXBuildFile; fileRef = 996450191DFDC72200B67D13 /* BWJSONMatcher.m */; };
		9964501F1DFDC72200B67D13 /* NSObject+BWJSONMatcher.m in Sources */ = {isa = PBXBuildFile; fileRef = 9964501C1DFDC72200B67D13 /* NSObject+BWJSONMatcher.m */; };
		996450221DFDDBCD00B67D13 /* InscriViewController.m in Sources */ = {isa = PBXBuildFile; fileRef = 996450211DFDDBCD00B67D13 /* InscriViewController.m */; };
		99785DAD1DEB122B00FAD498 /* TableViewController.m in Sources */ = {isa = PBXBuildFile; fileRef = 99785DAC1DEB122B00FAD498 /* TableViewController.m */; };
		998AA8E11DEB8DF8001A4263 /* ResultatViewController.m in Sources */ = {isa = PBXBuildFile; fileRef = 998AA8E01DEB8DF8001A4263 /* ResultatViewController.m */; };
		999B86811DE8F26D0055ACAB /* Note.m in Sources */ = {isa = PBXBuildFile; fileRef = 999B86801DE8F26D0055ACAB /* Note.m */; };
		999B86881DE923AE0055ACAB /* MatiereTableViewCell.m in Sources */ = {isa = PBXBuildFile; fileRef = 999B86861DE923AE0055ACAB /* MatiereTableViewCell.m */; };
		999B86891DE923AE0055ACAB /* MatiereTableViewCell.xib in Resources */ = {isa = PBXBuildFile; fileRef = 999B86871DE923AE0055ACAB /* MatiereTableViewCell.xib */; };
		99D03B161DE47F6200364CBF /* main.m in Sources */ = {isa = PBXBuildFile; fileRef = 99D03B151DE47F6200364CBF /* main.m */; };
		99D03B191DE47F6200364CBF /* AppDelegate.m in Sources */ = {isa = PBXBuildFile; fileRef = 99D03B181DE47F6200364CBF /* AppDelegate.m */; };
		99D03B1C1DE47F6200364CBF /* ViewController.m in Sources */ = {isa = PBXBuildFile; fileRef = 99D03B1B1DE47F6200364CBF /* ViewController.m */; };
		99D03B1F1DE47F6300364CBF /* Main.storyboard in Resources */ = {isa = PBXBuildFile; fileRef = 99D03B1D1DE47F6300364CBF /* Main.storyboard */; };
		99D03B211DE47F6300364CBF /* Assets.xcassets in Resources */ = {isa = PBXBuildFile; fileRef = 99D03B201DE47F6300364CBF /* Assets.xcassets */; };
		99D03B241DE47F6300364CBF /* LaunchScreen.storyboard in Resources */ = {isa = PBXBuildFile; fileRef = 99D03B221DE47F6300364CBF /* LaunchScreen.storyboard */; };
/* End PBXBuildFile section */

/* Begin PBXFileReference section */
		9917C2651DEB313300C8D1D7 /* FormulaireViewController.h */ = {isa = PBXFileReference; fileEncoding = 4; lastKnownFileType = sourcecode.c.h; path = FormulaireViewController.h; sourceTree = "<group>"; };
		9917C2661DEB313300C8D1D7 /* FormulaireViewController.m */ = {isa = PBXFileReference; fileEncoding = 4; lastKnownFileType = sourcecode.c.objc; path = FormulaireViewController.m; sourceTree = "<group>"; };
		9953A03B1DECF4340061B27A /* plus.png */ = {isa = PBXFileReference; lastKnownFileType = image.png; path = plus.png; sourceTree = "<group>"; };
		996450181DFDC72200B67D13 /* BWJSONMatcher.h */ = {isa = PBXFileReference; fileEncoding = 4; lastKnownFileType = sourcecode.c.h; path = BWJSONMatcher.h; sourceTree = "<group>"; };
		996450191DFDC72200B67D13 /* BWJSONMatcher.m */ = {isa = PBXFileReference; fileEncoding = 4; lastKnownFileType = sourcecode.c.objc; path = BWJSONMatcher.m; sourceTree = "<group>"; };
		9964501A1DFDC72200B67D13 /* BWJSONValueObject.h */ = {isa = PBXFileReference; fileEncoding = 4; lastKnownFileType = sourcecode.c.h; path = BWJSONValueObject.h; sourceTree = "<group>"; };
		9964501B1DFDC72200B67D13 /* NSObject+BWJSONMatcher.h */ = {isa = PBXFileReference; fileEncoding = 4; lastKnownFileType = sourcecode.c.h; path = "NSObject+BWJSONMatcher.h"; sourceTree = "<group>"; };
		9964501C1DFDC72200B67D13 /* NSObject+BWJSONMatcher.m */ = {isa = PBXFileReference; fileEncoding = 4; lastKnownFileType = sourcecode.c.objc; path = "NSObject+BWJSONMatcher.m"; sourceTree = "<group>"; };
		996450201DFDDBCD00B67D13 /* InscriViewController.h */ = {isa = PBXFileReference; fileEncoding = 4; lastKnownFileType = sourcecode.c.h; path = InscriViewController.h; sourceTree = "<group>"; };
		996450211DFDDBCD00B67D13 /* InscriViewController.m */ = {isa = PBXFileReference; fileEncoding = 4; lastKnownFileType = sourcecode.c.objc; path = InscriViewController.m; sourceTree = "<group>"; };
		99785DAB1DEB122B00FAD498 /* TableViewController.h */ = {isa = PBXFileReference; fileEncoding = 4; lastKnownFileType = sourcecode.c.h; name = TableViewController.h; path = ../TableViewController.h; sourceTree = "<group>"; };
		99785DAC1DEB122B00FAD498 /* TableViewController.m */ = {isa = PBXFileReference; fileEncoding = 4; lastKnownFileType = sourcecode.c.objc; name = TableViewController.m; path = ../TableViewController.m; sourceTree = "<group>"; };
		998AA8DF1DEB8DF8001A4263 /* ResultatViewController.h */ = {isa = PBXFileReference; fileEncoding = 4; lastKnownFileType = sourcecode.c.h; path = ResultatViewController.h; sourceTree = "<group>"; };
		998AA8E01DEB8DF8001A4263 /* ResultatViewController.m */ = {isa = PBXFileReference; fileEncoding = 4; lastKnownFileType = sourcecode.c.objc; path = ResultatViewController.m; sourceTree = "<group>"; };
		999B867F1DE8F26D0055ACAB /* Note.h */ = {isa = PBXFileReference; fileEncoding = 4; lastKnownFileType = sourcecode.c.h; path = Note.h; sourceTree = "<group>"; };
		999B86801DE8F26D0055ACAB /* Note.m */ = {isa = PBXFileReference; fileEncoding = 4; lastKnownFileType = sourcecode.c.objc; path = Note.m; sourceTree = "<group>"; };
		999B86851DE923AE0055ACAB /* MatiereTableViewCell.h */ = {isa = PBXFileReference; fileEncoding = 4; lastKnownFileType = sourcecode.c.h; name = MatiereTableViewCell.h; path = ../MatiereTableViewCell.h; sourceTree = "<group>"; };
		999B86861DE923AE0055ACAB /* MatiereTableViewCell.m */ = {isa = PBXFileReference; fileEncoding = 4; lastKnownFileType = sourcecode.c.objc; name = MatiereTableViewCell.m; path = ../MatiereTableViewCell.m; sourceTree = "<group>"; };
		999B86871DE923AE0055ACAB /* MatiereTableViewCell.xib */ = {isa = PBXFileReference; fileEncoding = 4; lastKnownFileType = file.xib; path = MatiereTableViewCell.xib; sourceTree = "<group>"; };
		99D03B111DE47F6200364CBF /* GestionNote.app */ = {isa = PBXFileReference; explicitFileType = wrapper.application; includeInIndex = 0; path = GestionNote.app; sourceTree = BUILT_PRODUCTS_DIR; };
		99D03B151DE47F6200364CBF /* main.m */ = {isa = PBXFileReference; lastKnownFileType = sourcecode.c.objc; path = main.m; sourceTree = "<group>"; };
		99D03B171DE47F6200364CBF /* AppDelegate.h */ = {isa = PBXFileReference; lastKnownFileType = sourcecode.c.h; path = AppDelegate.h; sourceTree = "<group>"; };
		99D03B181DE47F6200364CBF /* AppDelegate.m */ = {isa = PBXFileReference; lastKnownFileType = sourcecode.c.objc; path = AppDelegate.m; sourceTree = "<group>"; };
		99D03B1A1DE47F6200364CBF /* ViewController.h */ = {isa = PBXFileReference; lastKnownFileType = sourcecode.c.h; path = ViewController.h; sourceTree = "<group>"; };
		99D03B1B1DE47F6200364CBF /* ViewController.m */ = {isa = PBXFileReference; lastKnownFileType = sourcecode.c.objc; path = ViewController.m; sourceTree = "<group>"; };
		99D03B1E1DE47F6300364CBF /* Base */ = {isa = PBXFileReference; lastKnownFileType = file.storyboard; name = Base; path = Base.lproj/Main.storyboard; sourceTree = "<group>"; };
		99D03B201DE47F6300364CBF /* Assets.xcassets */ = {isa = PBXFileReference; lastKnownFileType = folder.assetcatalog; path = Assets.xcassets; sourceTree = "<group>"; };
		99D03B231DE47F6300364CBF /* Base */ = {isa = PBXFileReference; lastKnownFileType = file.storyboard; name = Base; path = Base.lproj/LaunchScreen.storyboard; sourceTree = "<group>"; };
		99D03B251DE47F6300364CBF /* Info.plist */ = {isa = PBXFileReference; lastKnownFileType = text.plist.xml; path = Info.plist; sourceTree = "<group>"; };
/* End PBXFileReference section */

/* Begin PBXFrameworksBuildPhase section */
		99D03B0E1DE47F6200364CBF /* Frameworks */ = {
			isa = PBXFrameworksBuildPhase;
			buildActionMask = 2147483647;
			files = (
			);
			runOnlyForDeploymentPostprocessing = 0;
		};
/* End PBXFrameworksBuildPhase section */

/* Begin PBXGroup section */
		996450171DFDC6D700B67D13 /* library */ = {
			isa = PBXGroup;
			children = (
				9964501D1DFDC72200B67D13 /* BWJSONMatcher */,
			);
			name = library;
			sourceTree = "<group>";
		};
		9964501D1DFDC72200B67D13 /* BWJSONMatcher */ = {
			isa = PBXGroup;
			children = (
				996450181DFDC72200B67D13 /* BWJSONMatcher.h */,
				996450191DFDC72200B67D13 /* BWJSONMatcher.m */,
				9964501A1DFDC72200B67D13 /* BWJSONValueObject.h */,
				9964501B1DFDC72200B67D13 /* NSObject+BWJSONMatcher.h */,
				9964501C1DFDC72200B67D13 /* NSObject+BWJSONMatcher.m */,
			);
			name = BWJSONMatcher;
			path = "/Users/ameurdrira/Documents/IosApplication/ws/ws/../../../../Downloads/BWJSONMatcher-master/BWJSONMatcher";
			sourceTree = "<absolute>";
		};
		998AA8E31DEBA904001A4263 /* interfaces */ = {
			isa = PBXGroup;
			children = (
				999B86851DE923AE0055ACAB /* MatiereTableViewCell.h */,
				99785DAB1DEB122B00FAD498 /* TableViewController.h */,
				9917C2651DEB313300C8D1D7 /* FormulaireViewController.h */,
				99D03B171DE47F6200364CBF /* AppDelegate.h */,
				998AA8DF1DEB8DF8001A4263 /* ResultatViewController.h */,
				99D03B1A1DE47F6200364CBF /* ViewController.h */,
				996450201DFDDBCD00B67D13 /* InscriViewController.h */,
			);
			name = interfaces;
			sourceTree = "<group>";
		};
		999B867D1DE8F1D70055ACAB /* model */ = {
			isa = PBXGroup;
			children = (
				999B867F1DE8F26D0055ACAB /* Note.h */,
				999B86801DE8F26D0055ACAB /* Note.m */,
			);
			name = model;
			sourceTree = "<group>";
		};
		999B867E1DE8F1E10055ACAB /* controler */ = {
			isa = PBXGroup;
			children = (
				999B86861DE923AE0055ACAB /* MatiereTableViewCell.m */,
				996450211DFDDBCD00B67D13 /* InscriViewController.m */,
				99785DAC1DEB122B00FAD498 /* TableViewController.m */,
				9917C2661DEB313300C8D1D7 /* FormulaireViewController.m */,
				998AA8E01DEB8DF8001A4263 /* ResultatViewController.m */,
				99D03B181DE47F6200364CBF /* AppDelegate.m */,
				99D03B1B1DE47F6200364CBF /* ViewController.m */,
			);
			name = controler;
			sourceTree = "<group>";
		};
		99D03B081DE47F6200364CBF = {
			isa = PBXGroup;
			children = (
				999B86871DE923AE0055ACAB /* MatiereTableViewCell.xib */,
				99D03B131DE47F6200364CBF /* GestionNote */,
				99D03B121DE47F6200364CBF /* Products */,
			);
			sourceTree = "<group>";
		};
		99D03B121DE47F6200364CBF /* Products */ = {
			isa = PBXGroup;
			children = (
				99D03B111DE47F6200364CBF /* GestionNote.app */,
			);
			name = Products;
			sourceTree = "<group>";
		};
		99D03B131DE47F6200364CBF /* GestionNote */ = {
			isa = PBXGroup;
			children = (
				996450171DFDC6D700B67D13 /* library */,
				9953A03B1DECF4340061B27A /* plus.png */,
				998AA8E31DEBA904001A4263 /* interfaces */,
				999B867E1DE8F1E10055ACAB /* controler */,
				999B867D1DE8F1D70055ACAB /* model */,
				99D03B1D1DE47F6300364CBF /* Main.storyboard */,
				99D03B201DE47F6300364CBF /* Assets.xcassets */,
				99D03B221DE47F6300364CBF /* LaunchScreen.storyboard */,
				99D03B251DE47F6300364CBF /* Info.plist */,
				99D03B141DE47F6200364CBF /* Supporting Files */,
			);
			path = GestionNote;
			sourceTree = "<group>";
		};
		99D03B141DE47F6200364CBF /* Supporting Files */ = {
			isa = PBXGroup;
			children = (
				99D03B151DE47F6200364CBF /* main.m */,
			);
			name = "Supporting Files";
			sourceTree = "<group>";
		};
/* End PBXGroup section */

/* Begin PBXNativeTarget section */
		99D03B101DE47F6200364CBF /* GestionNote */ = {
			isa = PBXNativeTarget;
			buildConfigurationList = 99D03B281DE47F6300364CBF /* Build configuration list for PBXNativeTarget "GestionNote" */;
			buildPhases = (
				99D03B0D1DE47F6200364CBF /* Sources */,
				99D03B0E1DE47F6200364CBF /* Frameworks */,
				99D03B0F1DE47F6200364CBF /* Resources */,
			);
			buildRules = (
			);
			dependencies = (
			);
			name = GestionNote;
			productName = GestionNote;
			productReference = 99D03B111DE47F6200364CBF /* GestionNote.app */;
			productType = "com.apple.product-type.application";
		};
/* End PBXNativeTarget section */

/* Begin PBXProject section */
		99D03B091DE47F6200364CBF /* Project object */ = {
			isa = PBXProject;
			attributes = {
				LastUpgradeCheck = 0810;
				ORGANIZATIONNAME = IIT;
				TargetAttributes = {
					99D03B101DE47F6200364CBF = {
						CreatedOnToolsVersion = 8.1;
						ProvisioningStyle = Automatic;
					};
				};
			};
			buildConfigurationList = 99D03B0C1DE47F6200364CBF /* Build configuration list for PBXProject "GestionNote" */;
			compatibilityVersion = "Xcode 3.2";
			developmentRegion = English;
			hasScannedForEncodings = 0;
			knownRegions = (
				en,
				Base,
			);
			mainGroup = 99D03B081DE47F6200364CBF;
			productRefGroup = 99D03B121DE47F6200364CBF /* Products */;
			projectDirPath = "";
			projectRoot = "";
			targets = (
				99D03B101DE47F6200364CBF /* GestionNote */,
			);
		};
/* End PBXProject section */

/* Begin PBXResourcesBuildPhase section */
		99D03B0F1DE47F6200364CBF /* Resources */ = {
			isa = PBXResourcesBuildPhase;
			buildActionMask = 2147483647;
			files = (
				99D03B241DE47F6300364CBF /* LaunchScreen.storyboard in Resources */,
				9953A03C1DECF4340061B27A /* plus.png in Resources */,
				99D03B211DE47F6300364CBF /* Assets.xcassets in Resources */,
				99D03B1F1DE47F6300364CBF /* Main.storyboard in Resources */,
				999B86891DE923AE0055ACAB /* MatiereTableViewCell.xib in Resources */,
			);
			runOnlyForDeploymentPostprocessing = 0;
		};
/* End PBXResourcesBuildPhase section */

/* Begin PBXSourcesBuildPhase section */
		99D03B0D1DE47F6200364CBF /* Sources */ = {
			isa = PBXSourcesBuildPhase;
			buildActionMask = 2147483647;
			files = (
				9964501E1DFDC72200B67D13 /* BWJSONMatcher.m in Sources */,
				99D03B1C1DE47F6200364CBF /* ViewController.m in Sources */,
				99785DAD1DEB122B00FAD498 /* TableViewController.m in Sources */,
				99D03B191DE47F6200364CBF /* AppDelegate.m in Sources */,
				996450221DFDDBCD00B67D13 /* InscriViewController.m in Sources */,
				99D03B161DE47F6200364CBF /* main.m in Sources */,
				999B86881DE923AE0055ACAB /* MatiereTableViewCell.m in Sources */,
				9917C2671DEB313300C8D1D7 /* FormulaireViewController.m in Sources */,
				9964501F1DFDC72200B67D13 /* NSObject+BWJSONMatcher.m in Sources */,
				998AA8E11DEB8DF8001A4263 /* ResultatViewController.m in Sources */,
				999B86811DE8F26D0055ACAB /* Note.m in Sources */,
			);
			runOnlyForDeploymentPostprocessing = 0;
		};
/* End PBXSourcesBuildPhase section */

/* Begin PBXVariantGroup section */
		99D03B1D1DE47F6300364CBF /* Main.storyboard */ = {
			isa = PBXVariantGroup;
			children = (
				99D03B1E1DE47F6300364CBF /* Base */,
			);
			name = Main.storyboard;
			sourceTree = "<group>";
		};
		99D03B221DE47F6300364CBF /* LaunchScreen.storyboard */ = {
			isa = PBXVariantGroup;
			children = (
				99D03B231DE47F6300364CBF /* Base */,
			);
			name = LaunchScreen.storyboard;
			sourceTree = "<group>";
		};
/* End PBXVariantGroup section */

/* Begin XCBuildConfiguration section */
		99D03B261DE47F6300364CBF /* Debug */ = {
			isa = XCBuildConfiguration;
			buildSettings = {
				ALWAYS_SEARCH_USER_PATHS = NO;
				CLANG_ANALYZER_NONNULL = YES;
				CLANG_CXX_LANGUAGE_STANDARD = "gnu++0x";
				CLANG_CXX_LIBRARY = "libc++";
				CLANG_ENABLE_MODULES = YES;
				CLANG_ENABLE_OBJC_ARC = YES;
				CLANG_WARN_BOOL_CONVERSION = YES;
				CLANG_WARN_CONSTANT_CONVERSION = YES;
				CLANG_WARN_DIRECT_OBJC_ISA_USAGE = YES_ERROR;
				CLANG_WARN_DOCUMENTATION_COMMENTS = YES;
				CLANG_WARN_EMPTY_BODY = YES;
				CLANG_WARN_ENUM_CONVERSION = YES;
				CLANG_WARN_INFINITE_RECURSION = YES;
				CLANG_WARN_INT_CONVERSION = YES;
				CLANG_WARN_OBJC_ROOT_CLASS = YES_ERROR;
				CLANG_WARN_SUSPICIOUS_MOVES = YES;
				CLANG_WARN_UNREACHABLE_CODE = YES;
				CLANG_WARN__DUPLICATE_METHOD_MATCH = YES;
				"CODE_SIGN_IDENTITY[sdk=iphoneos*]" = "iPhone Developer";
				COPY_PHASE_STRIP = NO;
				DEBUG_INFORMATION_FORMAT = dwarf;
				ENABLE_STRICT_OBJC_MSGSEND = YES;
				ENABLE_TESTABILITY = YES;
				GCC_C_LANGUAGE_STANDARD = gnu99;
				GCC_DYNAMIC_NO_PIC = NO;
				GCC_NO_COMMON_BLOCKS = YES;
				GCC_OPTIMIZATION_LEVEL = 0;
				GCC_PREPROCESSOR_DEFINITIONS = (
					"DEBUG=1",
					"$(inherited)",
				);
				GCC_WARN_64_TO_32_BIT_CONVERSION = YES;
				GCC_WARN_ABOUT_RETURN_TYPE = YES_ERROR;
				GCC_WARN_UNDECLARED_SELECTOR = YES;
				GCC_WARN_UNINITIALIZED_AUTOS = YES_AGGRESSIVE;
				GCC_WARN_UNUSED_FUNCTION = YES;
				GCC_WARN_UNUSED_VARIABLE = YES;
				IPHONEOS_DEPLOYMENT_TARGET = 10.1;
				MTL_ENABLE_DEBUG_INFO = YES;
				ONLY_ACTIVE_ARCH = YES;
				SDKROOT = iphoneos;
			};
			name = Debug;
		};
		99D03B271DE47F6300364CBF /* Release */ = {
			isa = XCBuildConfiguration;
			buildSettings = {
				ALWAYS_SEARCH_USER_PATHS = NO;
				CLANG_ANALYZER_NONNULL = YES;
				CLANG_CXX_LANGUAGE_STANDARD = "gnu++0x";
				CLANG_CXX_LIBRARY = "libc++";
				CLANG_ENABLE_MODULES = YES;
				CLANG_ENABLE_OBJC_ARC = YES;
				CLANG_WARN_BOOL_CONVERSION = YES;
				CLANG_WARN_CONSTANT_CONVERSION = YES;
				CLANG_WARN_DIRECT_OBJC_ISA_USAGE = YES_ERROR;
				CLANG_WARN_DOCUMENTATION_COMMENTS = YES;
				CLANG_WARN_EMPTY_BODY = YES;
				CLANG_WARN_ENUM_CONVERSION = YES;
				CLANG_WARN_INFINITE_RECURSION = YES;
				CLANG_WARN_INT_CONVERSION = YES;
				CLANG_WARN_OBJC_ROOT_CLASS = YES_ERROR;
				CLANG_WARN_SUSPICIOUS_MOVES = YES;
				CLANG_WARN_UNREACHABLE_CODE = YES;
				CLANG_WARN__DUPLICATE_METHOD_MATCH = YES;
				"CODE_SIGN_IDENTITY[sdk=iphoneos*]" = "iPhone Developer";
				COPY_PHASE_STRIP = NO;
				DEBUG_INFORMATION_FORMAT = "dwarf-with-dsym";
				ENABLE_NS_ASSERTIONS = NO;
				ENABLE_STRICT_OBJC_MSGSEND = YES;
				GCC_C_LANGUAGE_STANDARD = gnu99;
				GCC_NO_COMMON_BLOCKS = YES;
				GCC_WARN_64_TO_32_BIT_CONVERSION = YES;
				GCC_WARN_ABOUT_RETURN_TYPE = YES_ERROR;
				GCC_WARN_UNDECLARED_SELECTOR = YES;
				GCC_WARN_UNINITIALIZED_AUTOS = YES_AGGRESSIVE;
				GCC_WARN_UNUSED_FUNCTION = YES;
				GCC_WARN_UNUSED_VARIABLE = YES;
				IPHONEOS_DEPLOYMENT_TARGET = 10.1;
				MTL_ENABLE_DEBUG_INFO = NO;
				SDKROOT = iphoneos;
				VALIDATE_PRODUCT = YES;
			};
			name = Release;
		};
		99D03B291DE47F6300364CBF /* Debug */ = {
			isa = XCBuildConfiguration;
			buildSettings = {
				ASSETCATALOG_COMPILER_APPICON_NAME = AppIcon;
				INFOPLIST_FILE = GestionNote/Info.plist;
				LD_RUNPATH_SEARCH_PATHS = "$(inherited) @executable_path/Frameworks";
				PRODUCT_BUNDLE_IDENTIFIER = IIT.GestionNote;
				PRODUCT_NAME = "$(TARGET_NAME)";
			};
			name = Debug;
		};
		99D03B2A1DE47F6300364CBF /* Release */ = {
			isa = XCBuildConfiguration;
			buildSettings = {
				ASSETCATALOG_COMPILER_APPICON_NAME = AppIcon;
				INFOPLIST_FILE = GestionNote/Info.plist;
				LD_RUNPATH_SEARCH_PATHS = "$(inherited) @executable_path/Frameworks";
				PRODUCT_BUNDLE_IDENTIFIER = IIT.GestionNote;
				PRODUCT_NAME = "$(TARGET_NAME)";
			};
			name = Release;
		};
/* End XCBuildConfiguration section */

/* Begin XCConfigurationList section */
		99D03B0C1DE47F6200364CBF /* Build configuration list for PBXProject "GestionNote" */ = {
			isa = XCConfigurationList;
			buildConfigurations = (
				99D03B261DE47F6300364CBF /* Debug */,
				99D03B271DE47F6300364CBF /* Release */,
			);
			defaultConfigurationIsVisible = 0;
			defaultConfigurationName = Release;
		};
		99D03B281DE47F6300364CBF /* Build configuration list for PBXNativeTarget "GestionNote" */ = {
			isa = XCConfigurationList;
			buildConfigurations = (
				99D03B291DE47F6300364CBF /* Debug */,
				99D03B2A1DE47F6300364CBF /* Release */,
			);
			defaultConfigurationIsVisible = 0;
			defaultConfigurationName = Release;
		};
/* End XCConfigurationList section */
	};
	rootObject = 99D03B091DE47F6200364CBF /* Project object */;
}
